
Microsoft Visual Studio Solution File, Format Version 12.00
# Visual Studio Version 17
VisualStudioVersion = 17.4.33103.184
MinimumVisualStudioVersion = 10.0.40219.1
Project("{FAE04EC0-301F-11D3-BF4B-00C04F79EFBC}") = "MYSTORE", "MYSTORE\MYSTORE.csproj", "{D624882A-DB63-45DB-95BD-9DAF8FDD3F13}"
EndProject
Global
	GlobalSection(SolutionConfigurationPlatforms) = preSolution
		Debug|Any CPU = Debug|Any CPU
		Release|Any CPU = Release|Any CPU
	EndGlobalSection
	GlobalSection(ProjectConfigurationPlatforms) = postSolution
		{D624882A-DB63-45DB-95BD-9DAF8FDD3F13}.Debug|Any CPU.ActiveCfg = Debug|Any CPU
		{D624882A-DB63-45DB-95BD-9DAF8FDD3F13}.Debug|Any CPU.Build.0 = Debug|Any CPU
		{D624882A-DB63-45DB-95BD-9DAF8FDD3F13}.Release|Any CPU.ActiveCfg = Release|Any CPU
		{D624882A-DB63-45DB-95BD-9DAF8FDD3F13}.Release|Any CPU.Build.0 = Release|Any CPU
	EndGlobalSection
	GlobalSection(SolutionProperties) = preSolution
		HideSolutionNode = FALSE
	EndGlobalSection
	GlobalSection(ExtensibilityGlobals) = postSolution
		SolutionGuid = {8FAEFA45-845D-47DA-83E5-A84ACF128839}
	EndGlobalSection
EndGlobal
